
Microsoft Visual Studio Solution File, Format Version 12.00
# Visual Studio Version 16
VisualStudioVersion = 16.0.31702.278
MinimumVisualStudioVersion = 10.0.40219.1
Project("{FAE04EC0-301F-11D3-BF4B-00C04F79EFBC}") = "Etüt", "Etüt\Etüt.csproj", "{A5C6407E-F7DA-4B09-8308-D3AF7DE3E4EE}"
EndProject
Global
	GlobalSection(SolutionConfigurationPlatforms) = preSolution
		Debug|Any CPU = Debug|Any CPU
		Release|Any CPU = Release|Any CPU
	EndGlobalSection
	GlobalSection(ProjectConfigurationPlatforms) = postSolution
		{A5C6407E-F7DA-4B09-8308-D3AF7DE3E4EE}.Debug|Any CPU.ActiveCfg = Debug|Any CPU
		{A5C6407E-F7DA-4B09-8308-D3AF7DE3E4EE}.Debug|Any CPU.Build.0 = Debug|Any CPU
		{A5C6407E-F7DA-4B09-8308-D3AF7DE3E4EE}.Release|Any CPU.ActiveCfg = Release|Any CPU
		{A5C6407E-F7DA-4B09-8308-D3AF7DE3E4EE}.Release|Any CPU.Build.0 = Release|Any CPU
	EndGlobalSection
	GlobalSection(SolutionProperties) = preSolution
		HideSolutionNode = FALSE
	EndGlobalSection
	GlobalSection(ExtensibilityGlobals) = postSolution
		SolutionGuid = {4EA5332A-9DC3-463C-A4DA-A677610AFD13}
	EndGlobalSection
EndGlobal
